
Microsoft Visual Studio Solution File, Format Version 12.00
# Visual Studio Version 17
VisualStudioVersion = 17.5.002.0
MinimumVisualStudioVersion = 10.0.40219.1
Project("{9A19103F-16F7-4668-BE54-9A1E7A4F7556}") = "Assignment", "Assignment\Assignment.csproj", "{6B34E130-17DA-44D4-AC77-617396EB44F3}"
EndProject
Global
	GlobalSection(SolutionConfigurationPlatforms) = preSolution
		Debug|Any CPU = Debug|Any CPU
		Release|Any CPU = Release|Any CPU
	EndGlobalSection
	GlobalSection(ProjectConfigurationPlatforms) = postSolution
		{6B34E130-17DA-44D4-AC77-617396EB44F3}.Debug|Any CPU.ActiveCfg = Debug|Any CPU
		{6B34E130-17DA-44D4-AC77-617396EB44F3}.Debug|Any CPU.Build.0 = Debug|Any CPU
		{6B34E130-17DA-44D4-AC77-617396EB44F3}.Release|Any CPU.ActiveCfg = Release|Any CPU
		{6B34E130-17DA-44D4-AC77-617396EB44F3}.Release|Any CPU.Build.0 = Release|Any CPU
	EndGlobalSection
	GlobalSection(SolutionProperties) = preSolution
		HideSolutionNode = FALSE
	EndGlobalSection
	GlobalSection(ExtensibilityGlobals) = postSolution
		SolutionGuid = {C93B392A-87E8-47FA-974E-B79E354FDD28}
	EndGlobalSection
EndGlobal
